
Microsoft Visual Studio Solution File, Format Version 12.00
# Visual Studio Version 16
VisualStudioVersion = 16.0.31515.178
MinimumVisualStudioVersion = 10.0.40219.1
Project("{FAE04EC0-301F-11D3-BF4B-00C04F79EFBC}") = "prime number series", "prime number series\prime number series.csproj", "{BA40E93E-0C51-408C-B3AC-3646BF0CB561}"
EndProject
Global
	GlobalSection(SolutionConfigurationPlatforms) = preSolution
		Debug|Any CPU = Debug|Any CPU
		Release|Any CPU = Release|Any CPU
	EndGlobalSection
	GlobalSection(ProjectConfigurationPlatforms) = postSolution
		{BA40E93E-0C51-408C-B3AC-3646BF0CB561}.Debug|Any CPU.ActiveCfg = Debug|Any CPU
		{BA40E93E-0C51-408C-B3AC-3646BF0CB561}.Debug|Any CPU.Build.0 = Debug|Any CPU
		{BA40E93E-0C51-408C-B3AC-3646BF0CB561}.Release|Any CPU.ActiveCfg = Release|Any CPU
		{BA40E93E-0C51-408C-B3AC-3646BF0CB561}.Release|Any CPU.Build.0 = Release|Any CPU
	EndGlobalSection
	GlobalSection(SolutionProperties) = preSolution
		HideSolutionNode = FALSE
	EndGlobalSection
	GlobalSection(ExtensibilityGlobals) = postSolution
		SolutionGuid = {795FA9AC-5F5B-4A82-ADD4-7B55B16A40AC}
	EndGlobalSection
EndGlobal
